
Microsoft Visual Studio Solution File, Format Version 12.00
# Visual Studio Version 16
VisualStudioVersion = 16.0.31005.135
MinimumVisualStudioVersion = 10.0.40219.1
Project("{2150E333-8FDC-42A3-9474-1A3956D46DE8}") = "src", "src", "{21205893-89ED-4A06-A464-B827EBE3AEF1}"
EndProject
Project("{9A19103F-16F7-4668-BE54-9A1E7A4F7556}") = "KaderService", "src\KaderService\KaderService.csproj", "{348CD802-6DC8-49C6-9BA7-1EC1BCD66845}"
EndProject
Project("{9A19103F-16F7-4668-BE54-9A1E7A4F7556}") = "KaderService.Services", "src\KaderService.Services\KaderService.Services.csproj", "{D35A7ECF-4422-4D19-AC6F-E56E4328F60E}"
EndProject
Project("{9A19103F-16F7-4668-BE54-9A1E7A4F7556}") = "KaderService.Contracts", "src\KaderService.Contracts\KaderService.Contracts.csproj", "{5671F335-0260-4CCD-92B6-EBA4211E8E49}"
EndProject
Global
	GlobalSection(SolutionConfigurationPlatforms) = preSolution
		Debug|Any CPU = Debug|Any CPU
		Release|Any CPU = Release|Any CPU
	EndGlobalSection
	GlobalSection(ProjectConfigurationPlatforms) = postSolution
		{348CD802-6DC8-49C6-9BA7-1EC1BCD66845}.Debug|Any CPU.ActiveCfg = Debug|Any CPU
		{348CD802-6DC8-49C6-9BA7-1EC1BCD66845}.Debug|Any CPU.Build.0 = Debug|Any CPU
		{348CD802-6DC8-49C6-9BA7-1EC1BCD66845}.Release|Any CPU.ActiveCfg = Release|Any CPU
		{348CD802-6DC8-49C6-9BA7-1EC1BCD66845}.Release|Any CPU.Build.0 = Release|Any CPU
		{D35A7ECF-4422-4D19-AC6F-E56E4328F60E}.Debug|Any CPU.ActiveCfg = Debug|Any CPU
		{D35A7ECF-4422-4D19-AC6F-E56E4328F60E}.Debug|Any CPU.Build.0 = Debug|Any CPU
		{D35A7ECF-4422-4D19-AC6F-E56E4328F60E}.Release|Any CPU.ActiveCfg = Release|Any CPU
		{D35A7ECF-4422-4D19-AC6F-E56E4328F60E}.Release|Any CPU.Build.0 = Release|Any CPU
		{5671F335-0260-4CCD-92B6-EBA4211E8E49}.Debug|Any CPU.ActiveCfg = Debug|Any CPU
		{5671F335-0260-4CCD-92B6-EBA4211E8E49}.Debug|Any CPU.Build.0 = Debug|Any CPU
		{5671F335-0260-4CCD-92B6-EBA4211E8E49}.Release|Any CPU.ActiveCfg = Release|Any CPU
		{5671F335-0260-4CCD-92B6-EBA4211E8E49}.Release|Any CPU.Build.0 = Release|Any CPU
	EndGlobalSection
	GlobalSection(SolutionProperties) = preSolution
		HideSolutionNode = FALSE
	EndGlobalSection
	GlobalSection(NestedProjects) = preSolution
		{348CD802-6DC8-49C6-9BA7-1EC1BCD66845} = {21205893-89ED-4A06-A464-B827EBE3AEF1}
		{D35A7ECF-4422-4D19-AC6F-E56E4328F60E} = {21205893-89ED-4A06-A464-B827EBE3AEF1}
		{5671F335-0260-4CCD-92B6-EBA4211E8E49} = {21205893-89ED-4A06-A464-B827EBE3AEF1}
	EndGlobalSection
	GlobalSection(ExtensibilityGlobals) = postSolution
		SolutionGuid = {BFF9E440-E3A2-4010-A5BE-54D68BA6B4E3}
	EndGlobalSection
EndGlobal
